Microsoft Visual Studio Solution File, Format Version 12.00
# Visual Studio Version 17
VisualStudioVersion = 17.5.2.0
MinimumVisualStudioVersion = 10.0.40219.1
Project("{FAE04EC0-301F-11D3-BF4B-00C04F79EFBC}") = "01-04-minMax", "01-04-minMax.csproj", "{5184B04F-7A62-BC44-5F80-6F67EB055078}"
EndProject
Global
	GlobalSection(SolutionConfigurationPlatforms) = preSolution
		Debug|Any CPU = Debug|Any CPU
		Release|Any CPU = Release|Any CPU
	EndGlobalSection
	GlobalSection(ProjectConfigurationPlatforms) = postSolution
		{5184B04F-7A62-BC44-5F80-6F67EB055078}.Debug|Any CPU.ActiveCfg = Debug|Any CPU
		{5184B04F-7A62-BC44-5F80-6F67EB055078}.Debug|Any CPU.Build.0 = Debug|Any CPU
		{5184B04F-7A62-BC44-5F80-6F67EB055078}.Release|Any CPU.ActiveCfg = Release|Any CPU
		{5184B04F-7A62-BC44-5F80-6F67EB055078}.Release|Any CPU.Build.0 = Release|Any CPU
	EndGlobalSection
	GlobalSection(SolutionProperties) = preSolution
		HideSolutionNode = FALSE
	EndGlobalSection
	GlobalSection(ExtensibilityGlobals) = postSolution
		SolutionGuid = {C93B5EB1-FD40-4924-AFA0-B23A3AA3094C}
	EndGlobalSection
EndGlobal
